
Microsoft Visual Studio Solution File, Format Version 12.00
# Visual Studio Express 2013 for Windows Desktop
VisualStudioVersion = 12.0.30723.0
MinimumVisualStudioVersion = 10.0.40219.1
Project("{FAE04EC0-301F-11D3-BF4B-00C04F79EFBC}") = "StreamKinect2", "StreamKinect2\StreamKinect2.csproj", "{0B84DD59-ED7B-4674-8939-4BB5B0FC8C4F}"
EndProject
Project("{FAE04EC0-301F-11D3-BF4B-00C04F79EFBC}") = "ExampleServer", "ExampleServer\ExampleServer.csproj", "{9EE2EC81-1C7E-4DC8-B155-8844ABB51396}"
EndProject
Project("{2150E333-8FDC-42A3-9474-1A3956D46DE8}") = ".nuget", ".nuget", "{739EA88D-A9EF-49DE-A315-E656A2A3399D}"
	ProjectSection(SolutionItems) = preProject
		.nuget\NuGet.Config = .nuget\NuGet.Config
		.nuget\NuGet.exe = .nuget\NuGet.exe
		.nuget\NuGet.targets = .nuget\NuGet.targets
	EndProjectSection
EndProject
Project("{FAE04EC0-301F-11D3-BF4B-00C04F79EFBC}") = "StreamKinect2Tests", "StreamKinect2Tests\StreamKinect2Tests.csproj", "{43251487-4C1F-4DEE-9150-45674E62D1D0}"
EndProject
Project("{FAE04EC0-301F-11D3-BF4B-00C04F79EFBC}") = "StreamKinect2GUI", "StreamKinectGUI\StreamKinect2GUI.csproj", "{F78A0130-1AFE-456B-82D4-D94E3FE144B6}"
EndProject
Global
	GlobalSection(SolutionConfigurationPlatforms) = preSolution
		Debug|Any CPU = Debug|Any CPU
		Release|Any CPU = Release|Any CPU
	EndGlobalSection
	GlobalSection(ProjectConfigurationPlatforms) = postSolution
		{0B84DD59-ED7B-4674-8939-4BB5B0FC8C4F}.Debug|Any CPU.ActiveCfg = Debug|Any CPU
		{0B84DD59-ED7B-4674-8939-4BB5B0FC8C4F}.Debug|Any CPU.Build.0 = Debug|Any CPU
		{0B84DD59-ED7B-4674-8939-4BB5B0FC8C4F}.Release|Any CPU.ActiveCfg = Release|Any CPU
		{0B84DD59-ED7B-4674-8939-4BB5B0FC8C4F}.Release|Any CPU.Build.0 = Release|Any CPU
		{9EE2EC81-1C7E-4DC8-B155-8844ABB51396}.Debug|Any CPU.ActiveCfg = Debug|Any CPU
		{9EE2EC81-1C7E-4DC8-B155-8844ABB51396}.Debug|Any CPU.Build.0 = Debug|Any CPU
		{9EE2EC81-1C7E-4DC8-B155-8844ABB51396}.Release|Any CPU.ActiveCfg = Release|Any CPU
		{9EE2EC81-1C7E-4DC8-B155-8844ABB51396}.Release|Any CPU.Build.0 = Release|Any CPU
		{43251487-4C1F-4DEE-9150-45674E62D1D0}.Debug|Any CPU.ActiveCfg = Debug|Any CPU
		{43251487-4C1F-4DEE-9150-45674E62D1D0}.Debug|Any CPU.Build.0 = Debug|Any CPU
		{43251487-4C1F-4DEE-9150-45674E62D1D0}.Release|Any CPU.ActiveCfg = Release|Any CPU
		{43251487-4C1F-4DEE-9150-45674E62D1D0}.Release|Any CPU.Build.0 = Release|Any CPU
		{F78A0130-1AFE-456B-82D4-D94E3FE144B6}.Debug|Any CPU.ActiveCfg = Debug|Any CPU
		{F78A0130-1AFE-456B-82D4-D94E3FE144B6}.Debug|Any CPU.Build.0 = Debug|Any CPU
		{F78A0130-1AFE-456B-82D4-D94E3FE144B6}.Release|Any CPU.ActiveCfg = Release|Any CPU
		{F78A0130-1AFE-456B-82D4-D94E3FE144B6}.Release|Any CPU.Build.0 = Release|Any CPU
	EndGlobalSection
	GlobalSection(SolutionProperties) = preSolution
		HideSolutionNode = FALSE
	EndGlobalSection
EndGlobal
