
Microsoft Visual Studio Solution File, Format Version 12.00
# Visual Studio Express 2013 for Windows Desktop
VisualStudioVersion = 12.0.30723.0
MinimumVisualStudioVersion = 10.0.40219.1
Project("{FAE04EC0-301F-11D3-BF4B-00C04F79EFBC}") = "StreamKinect2", "StreamKinect2\StreamKinect2.csproj", "{0B84DD59-ED7B-4674-8939-4BB5B0FC8C4F}"
EndProject
Project("{FAE04EC0-301F-11D3-BF4B-00C04F79EFBC}") = "ExampleServer", "ExampleServer\ExampleServer.csproj", "{9EE2EC81-1C7E-4DC8-B155-8844ABB51396}"
EndProject
Global
	GlobalSection(SolutionConfigurationPlatforms) = preSolution
		Debug|Any CPU = Debug|Any CPU
		Release|Any CPU = Release|Any CPU
	EndGlobalSection
	GlobalSection(ProjectConfigurationPlatforms) = postSolution
		{0B84DD59-ED7B-4674-8939-4BB5B0FC8C4F}.Debug|Any CPU.ActiveCfg = Debug|Any CPU
		{0B84DD59-ED7B-4674-8939-4BB5B0FC8C4F}.Debug|Any CPU.Build.0 = Debug|Any CPU
		{0B84DD59-ED7B-4674-8939-4BB5B0FC8C4F}.Release|Any CPU.ActiveCfg = Release|Any CPU
		{0B84DD59-ED7B-4674-8939-4BB5B0FC8C4F}.Release|Any CPU.Build.0 = Release|Any CPU
		{9EE2EC81-1C7E-4DC8-B155-8844ABB51396}.Debug|Any CPU.ActiveCfg = Debug|Any CPU
		{9EE2EC81-1C7E-4DC8-B155-8844ABB51396}.Debug|Any CPU.Build.0 = Debug|Any CPU
		{9EE2EC81-1C7E-4DC8-B155-8844ABB51396}.Release|Any CPU.ActiveCfg = Release|Any CPU
		{9EE2EC81-1C7E-4DC8-B155-8844ABB51396}.Release|Any CPU.Build.0 = Release|Any CPU
	EndGlobalSection
	GlobalSection(SolutionProperties) = preSolution
		HideSolutionNode = FALSE
	EndGlobalSection
EndGlobal
